// !$*UTF8*$!
{
	archiveVersion = 1;
	classes = {
	};
	objectVersion = 46;
	objects = {

/* Begin PBXBuildFile section */
		8A120E3F1A0CC6BD0078A58C /* watchCellViewController.m in Sources */ = {isa = PBXBuildFile; fileRef = 8A120E391A0CC6BD0078A58C /* watchCellViewController.m */; };
		8A120E401A0CC6BD0078A58C /* watchCellView.xib in Resources */ = {isa = PBXBuildFile; fileRef = 8A120E3A1A0CC6BD0078A58C /* watchCellView.xib */; };
		8A120E411A0CC6BD0078A58C /* watchCellViewLayout.m in Sources */ = {isa = PBXBuildFile; fileRef = 8A120E3C1A0CC6BD0078A58C /* watchCellViewLayout.m */; };
		8A120E441A0CC8790078A58C /* watchHandler.m in Sources */ = {isa = PBXBuildFile; fileRef = 8A120E431A0CC8790078A58C /* watchHandler.m */; };
		8A120E4B1A0D1CF20078A58C /* watchViewController.xib in Resources */ = {isa = PBXBuildFile; fileRef = 8A120E481A0D1CF20078A58C /* watchViewController.xib */; };
		8A120E4C1A0D1CF20078A58C /* watchViewController.m in Sources */ = {isa = PBXBuildFile; fileRef = 8A120E491A0D1CF20078A58C /* watchViewController.m */; };
		8A1934C11A1392830030F380 /* bwtlogo.png in Resources */ = {isa = PBXBuildFile; fileRef = 8A1934C01A1392830030F380 /* bwtlogo.png */; };
		8A1934C31A1395DF0030F380 /* bg_bwt.png in Resources */ = {isa = PBXBuildFile; fileRef = 8A1934C21A1395DF0030F380 /* bg_bwt.png */; };
		8A54624A198150A0007BAEDA /* TableViewCellMessages.m in Sources */ = {isa = PBXBuildFile; fileRef = 8A546249198150A0007BAEDA /* TableViewCellMessages.m */; };
		8A8EF8BB1979596200A2C2C6 /* viewMsgs.xib in Resources */ = {isa = PBXBuildFile; fileRef = 8A8EF8BA1979596200A2C2C6 /* viewMsgs.xib */; };
		8A9DAB391A1B4CA1001130A7 /* colHeaderFormat.m in Sources */ = {isa = PBXBuildFile; fileRef = 8A9DAB381A1B4CA1001130A7 /* colHeaderFormat.m */; };
		8AAB37A819D15080001FBA05 /* NotesTableViewController.m in Sources */ = {isa = PBXBuildFile; fileRef = 8AAB37A619D15080001FBA05 /* NotesTableViewController.m */; };
		8AAB37A919D15080001FBA05 /* NotesTableViewController.xib in Resources */ = {isa = PBXBuildFile; fileRef = 8AAB37A719D15080001FBA05 /* NotesTableViewController.xib */; };
		8AAB37AD19D2C719001FBA05 /* NotesDetailsViewController.m in Sources */ = {isa = PBXBuildFile; fileRef = 8AAB37AB19D2C719001FBA05 /* NotesDetailsViewController.m */; };
		8AAB37AE19D2C719001FBA05 /* NotesDetailsViewController.xib in Resources */ = {isa = PBXBuildFile; fileRef = 8AAB37AC19D2C719001FBA05 /* NotesDetailsViewController.xib */; };
		8AB7758819A7680F00FC9A0A /* Buffer.m in Sources */ = {isa = PBXBuildFile; fileRef = 8AB7758619A7680F00FC9A0A /* Buffer.m */; };
		8AB775A119AD94E600FC9A0A /* BwCuboid.m in Sources */ = {isa = PBXBuildFile; fileRef = 8AB775A019AD94E600FC9A0A /* BwCuboid.m */; };
		8AB775A419AD951F00FC9A0A /* Cuboid.m in Sources */ = {isa = PBXBuildFile; fileRef = 8AB775A219AD951F00FC9A0A /* Cuboid.m */; };
		8AB775A719AD957400FC9A0A /* Database.m in Sources */ = {isa = PBXBuildFile; fileRef = 8AB775A619AD957400FC9A0A /* Database.m */; };
		8AB775AC19AD95D500FC9A0A /* Refresh.m in Sources */ = {isa = PBXBuildFile; fileRef = 8AB775A919AD95D500FC9A0A /* Refresh.m */; };
		8AB775AD19AD95D500FC9A0A /* Row.m in Sources */ = {isa = PBXBuildFile; fileRef = 8AB775AB19AD95D500FC9A0A /* Row.m */; };
		8AB775B019AD961800FC9A0A /* utilities.m in Sources */ = {isa = PBXBuildFile; fileRef = 8AB775AF19AD961800FC9A0A /* utilities.m */; };
		8AB775B619B72EBE00FC9A0A /* viewMsgs.m in Sources */ = {isa = PBXBuildFile; fileRef = 8AB775B419B72EBE00FC9A0A /* viewMsgs.m */; };
		8AB775B819B98FDD00FC9A0A /* spready.png in Resources */ = {isa = PBXBuildFile; fileRef = 8AB775B719B98FDD00FC9A0A /* spready.png */; };
		8AD7822419ED04B3009A33E7 /* QuartzCore.framework in Frameworks */ = {isa = PBXBuildFile; fileRef = 8AD7822319ED04B3009A33E7 /* QuartzCore.framework */; };
		8AD7822719ED061E009A33E7 /* notesDetail.m in Sources */ = {isa = PBXBuildFile; fileRef = 8AD7822619ED061E009A33E7 /* notesDetail.m */; };
		8AD7822A19ED06F2009A33E7 /* NotesHandler.m in Sources */ = {isa = PBXBuildFile; fileRef = 8AD7822919ED06F2009A33E7 /* NotesHandler.m */; };
		8AD7822D19ED17AB009A33E7 /* common.m in Sources */ = {isa = PBXBuildFile; fileRef = 8AD7822C19ED17AB009A33E7 /* common.m */; };
		8AD7823319ED2C00009A33E7 /* Submit.m in Sources */ = {isa = PBXBuildFile; fileRef = 8AD7823119ED2C00009A33E7 /* Submit.m */; };
		8AD7823519F5144F009A33E7 /* notesProperties.plist in Resources */ = {isa = PBXBuildFile; fileRef = 8AD7823419F5144F009A33E7 /* notesProperties.plist */; };
		8AD7823719F64151009A33E7 /* beos_eyeball.png in Resources */ = {isa = PBXBuildFile; fileRef = 8AD7823619F64151009A33E7 /* beos_eyeball.png */; };
		8AFCD10519BF2DD200A275EC /* notes.png in Resources */ = {isa = PBXBuildFile; fileRef = 8AFCD10419BF2DD200A275EC /* notes.png */; };
		8AFCD10619BF36A500A275EC /* chat_icon.png in Resources */ = {isa = PBXBuildFile; fileRef = 8AFCD10819BF36A500A275EC /* chat_icon.png */; };
		ACDBF5FF190EEFF8001FF4ED /* UIKit.framework in Frameworks */ = {isa = PBXBuildFile; fileRef = ACDBF5FE190EEFF8001FF4ED /* UIKit.framework */; };
		ACDBF601190EEFF8001FF4ED /* Foundation.framework in Frameworks */ = {isa = PBXBuildFile; fileRef = ACDBF600190EEFF8001FF4ED /* Foundation.framework */; };
		ACDBF603190EEFF8001FF4ED /* CoreGraphics.framework in Frameworks */ = {isa = PBXBuildFile; fileRef = ACDBF602190EEFF8001FF4ED /* CoreGraphics.framework */; };
		ACDBF609190EEFF8001FF4ED /* InfoPlist.strings in Resources */ = {isa = PBXBuildFile; fileRef = ACDBF607190EEFF8001FF4ED /* InfoPlist.strings */; };
		ACDBF60B190EEFF8001FF4ED /* main.m in Sources */ = {isa = PBXBuildFile; fileRef = ACDBF60A190EEFF8001FF4ED /* main.m */; };
		ACDBF60F190EEFF8001FF4ED /* AppDelegate.m in Sources */ = {isa = PBXBuildFile; fileRef = ACDBF60E190EEFF8001FF4ED /* AppDelegate.m */; };
		ACDBF611190EEFF8001FF4ED /* Default.png in Resources */ = {isa = PBXBuildFile; fileRef = ACDBF610190EEFF8001FF4ED /* Default.png */; };
		ACDBF613190EEFF8001FF4ED /* Default@2x.png in Resources */ = {isa = PBXBuildFile; fileRef = ACDBF612190EEFF8001FF4ED /* Default@2x.png */; };
		ACDBF615190EEFF8001FF4ED /* Default-568h@2x.png in Resources */ = {isa = PBXBuildFile; fileRef = ACDBF614190EEFF8001FF4ED /* Default-568h@2x.png */; };
		ACDBF618190EEFF8001FF4ED /* ViewController.m in Sources */ = {isa = PBXBuildFile; fileRef = ACDBF617190EEFF8001FF4ED /* ViewController.m */; };
		ACDBF61B190EEFF8001FF4ED /* ViewController.xib in Resources */ = {isa = PBXBuildFile; fileRef = ACDBF619190EEFF8001FF4ED /* ViewController.xib */; };
		ACDBF622190EF035001FF4ED /* Resized-86D1I.png in Resources */ = {isa = PBXBuildFile; fileRef = ACDBF621190EF035001FF4ED /* Resized-86D1I.png */; };
		ACDBF624190EF10C001FF4ED /* Resized-86D1I.png in Resources */ = {isa = PBXBuildFile; fileRef = ACDBF623190EF10C001FF4ED /* Resized-86D1I.png */; };
		ACDBF627190F095E001FF4ED /* UserLogin.m in Sources */ = {isa = PBXBuildFile; fileRef = ACDBF626190F095E001FF4ED /* UserLogin.m */; };
		ACDBF62B190F1333001FF4ED /* MainVC.m in Sources */ = {isa = PBXBuildFile; fileRef = ACDBF629190F1333001FF4ED /* MainVC.m */; };
		ACDBF62C190F1333001FF4ED /* MainVC.xib in Resources */ = {isa = PBXBuildFile; fileRef = ACDBF62A190F1333001FF4ED /* MainVC.xib */; };
		ACDBF65A1910483F001FF4ED /* Http.m in Sources */ = {isa = PBXBuildFile; fileRef = ACDBF6591910483E001FF4ED /* Http.m */; };
		ACDBF668191049DC001FF4ED /* ioapi.c in Sources */ = {isa = PBXBuildFile; fileRef = ACDBF65E191049DC001FF4ED /* ioapi.c */; };
		ACDBF669191049DC001FF4ED /* mztools.c in Sources */ = {isa = PBXBuildFile; fileRef = ACDBF660191049DC001FF4ED /* mztools.c */; };
		ACDBF66A191049DC001FF4ED /* unzip.c in Sources */ = {isa = PBXBuildFile; fileRef = ACDBF662191049DC001FF4ED /* unzip.c */; };
		ACDBF66B191049DC001FF4ED /* zip.c in Sources */ = {isa = PBXBuildFile; fileRef = ACDBF664191049DC001FF4ED /* zip.c */; };
		ACDBF66C191049DC001FF4ED /* ZipArchive.mm in Sources */ = {isa = PBXBuildFile; fileRef = ACDBF667191049DC001FF4ED /* ZipArchive.mm */; };
		ACDBF66E19104C55001FF4ED /* libz.dylib in Frameworks */ = {isa = PBXBuildFile; fileRef = ACDBF66D19104C55001FF4ED /* libz.dylib */; };
		ACDBF67B19147185001FF4ED /* base64-1.m in Sources */ = {isa = PBXBuildFile; fileRef = ACDBF67A19147185001FF4ED /* base64-1.m */; };
		ACDBF68419183E61001FF4ED /* intelligence.m in Sources */ = {isa = PBXBuildFile; fileRef = ACDBF68319183E60001FF4ED /* intelligence.m */; };
		ACDBF68719346DFD001FF4ED /* workbook.png in Resources */ = {isa = PBXBuildFile; fileRef = ACDBF68619346DFD001FF4ED /* workbook.png */; };
		ACDBF68B193482EE001FF4ED /* WBclass.m in Sources */ = {isa = PBXBuildFile; fileRef = ACDBF68A193482EE001FF4ED /* WBclass.m */; };
		ACDBF693193DC014001FF4ED /* LinkImport.m in Sources */ = {isa = PBXBuildFile; fileRef = ACDBF692193DC014001FF4ED /* LinkImport.m */; };
/* End PBXBuildFile section */

/* Begin PBXFileReference section */
		8A120E381A0CC6BD0078A58C /* watchCellViewController.h */ = {isa = PBXFileReference; fileEncoding = 4; lastKnownFileType = sourcecode.c.h; path = watchCellViewController.h; sourceTree = "<group>"; };
		8A120E391A0CC6BD0078A58C /* watchCellViewController.m */ = {isa = PBXFileReference; fileEncoding = 4; lastKnownFileType = sourcecode.c.objc; path = watchCellViewController.m; sourceTree = "<group>"; };
		8A120E3A1A0CC6BD0078A58C /* watchCellView.xib */ = {isa = PBXFileReference; fileEncoding = 4; lastKnownFileType = file.xib; path = watchCellView.xib; sourceTree = "<group>"; };
		8A120E3B1A0CC6BD0078A58C /* watchCellViewLayout.h */ = {isa = PBXFileReference; fileEncoding = 4; lastKnownFileType = sourcecode.c.h; path = watchCellViewLayout.h; sourceTree = "<group>"; };
		8A120E3C1A0CC6BD0078A58C /* watchCellViewLayout.m */ = {isa = PBXFileReference; fileEncoding = 4; lastKnownFileType = sourcecode.c.objc; path = watchCellViewLayout.m; sourceTree = "<group>"; };
		8A120E421A0CC8790078A58C /* watchHandler.h */ = {isa = PBXFileReference; fileEncoding = 4; lastKnownFileType = sourcecode.c.h; path = watchHandler.h; sourceTree = "<group>"; };
		8A120E431A0CC8790078A58C /* watchHandler.m */ = {isa = PBXFileReference; fileEncoding = 4; lastKnownFileType = sourcecode.c.objc; path = watchHandler.m; sourceTree = "<group>"; };
		8A120E481A0D1CF20078A58C /* watchViewController.xib */ = {isa = PBXFileReference; fileEncoding = 4; lastKnownFileType = file.xib; path = watchViewController.xib; sourceTree = "<group>"; };
		8A120E491A0D1CF20078A58C /* watchViewController.m */ = {isa = PBXFileReference; fileEncoding = 4; lastKnownFileType = sourcecode.c.objc; path = watchViewController.m; sourceTree = "<group>"; };
		8A120E4A1A0D1CF20078A58C /* watchViewController.h */ = {isa = PBXFileReference; fileEncoding = 4; lastKnownFileType = sourcecode.c.h; path = watchViewController.h; sourceTree = "<group>"; };
		8A1934C01A1392830030F380 /* bwtlogo.png */ = {isa = PBXFileReference; lastKnownFileType = image.png; path = bwtlogo.png; sourceTree = "<group>"; };
		8A1934C21A1395DF0030F380 /* bg_bwt.png */ = {isa = PBXFileReference; lastKnownFileType = image.png; path = bg_bwt.png; sourceTree = "<group>"; };
		8A546248198150A0007BAEDA /* TableViewCellMessages.h */ = {isa = PBXFileReference; fileEncoding = 4; lastKnownFileType = sourcecode.c.h; path = TableViewCellMessages.h; sourceTree = "<group>"; };
		8A546249198150A0007BAEDA /* TableViewCellMessages.m */ = {isa = PBXFileReference; fileEncoding = 4; lastKnownFileType = sourcecode.c.objc; path = TableViewCellMessages.m; sourceTree = "<group>"; };
		8A8EF8BA1979596200A2C2C6 /* viewMsgs.xib */ = {isa = PBXFileReference; fileEncoding = 4; lastKnownFileType = file.xib; path = viewMsgs.xib; sourceTree = "<group>"; };
		8A9DAB371A1B4CA1001130A7 /* colHeaderFormat.h */ = {isa = PBXFileReference; fileEncoding = 4; lastKnownFileType = sourcecode.c.h; path = colHeaderFormat.h; sourceTree = "<group>"; };
		8A9DAB381A1B4CA1001130A7 /* colHeaderFormat.m */ = {isa = PBXFileReference; fileEncoding = 4; lastKnownFileType = sourcecode.c.objc; path = colHeaderFormat.m; sourceTree = "<group>"; };
		8AAB37A519D15080001FBA05 /* NotesTableViewController.h */ = {isa = PBXFileReference; fileEncoding = 4; lastKnownFileType = sourcecode.c.h; path = NotesTableViewController.h; sourceTree = "<group>"; };
		8AAB37A619D15080001FBA05 /* NotesTableViewController.m */ = {isa = PBXFileReference; fileEncoding = 4; lastKnownFileType = sourcecode.c.objc; path = NotesTableViewController.m; sourceTree = "<group>"; };
		8AAB37A719D15080001FBA05 /* NotesTableViewController.xib */ = {isa = PBXFileReference; fileEncoding = 4; lastKnownFileType = file.xib; path = NotesTableViewController.xib; sourceTree = "<group>"; };
		8AAB37AA19D2C719001FBA05 /* NotesDetailsViewController.h */ = {isa = PBXFileReference; fileEncoding = 4; lastKnownFileType = sourcecode.c.h; path = NotesDetailsViewController.h; sourceTree = "<group>"; };
		8AAB37AB19D2C719001FBA05 /* NotesDetailsViewController.m */ = {isa = PBXFileReference; fileEncoding = 4; lastKnownFileType = sourcecode.c.objc; path = NotesDetailsViewController.m; sourceTree = "<group>"; };
		8AAB37AC19D2C719001FBA05 /* NotesDetailsViewController.xib */ = {isa = PBXFileReference; fileEncoding = 4; lastKnownFileType = file.xib; path = NotesDetailsViewController.xib; sourceTree = "<group>"; };
		8AB7758619A7680F00FC9A0A /* Buffer.m */ = {isa = PBXFileReference; fileEncoding = 4; lastKnownFileType = sourcecode.c.objc; path = Buffer.m; sourceTree = "<group>"; };
		8AB7758719A7680F00FC9A0A /* Buffer.h */ = {isa = PBXFileReference; fileEncoding = 4; lastKnownFileType = sourcecode.c.h; path = Buffer.h; sourceTree = "<group>"; };
		8AB7759F19AD94E600FC9A0A /* BwCuboid.h */ = {isa = PBXFileReference; fileEncoding = 4; lastKnownFileType = sourcecode.c.h; path = BwCuboid.h; sourceTree = "<group>"; };
		8AB775A019AD94E600FC9A0A /* BwCuboid.m */ = {isa = PBXFileReference; fileEncoding = 4; lastKnownFileType = sourcecode.c.objc; path = BwCuboid.m; sourceTree = "<group>"; };
		8AB775A219AD951F00FC9A0A /* Cuboid.m */ = {isa = PBXFileReference; fileEncoding = 4; lastKnownFileType = sourcecode.c.objc; path = Cuboid.m; sourceTree = "<group>"; };
		8AB775A319AD951F00FC9A0A /* Cuboid.h */ = {isa = PBXFileReference; fileEncoding = 4; lastKnownFileType = sourcecode.c.h; path = Cuboid.h; sourceTree = "<group>"; };
		8AB775A519AD956700FC9A0A /* Database.h */ = {isa = PBXFileReference; fileEncoding = 4; lastKnownFileType = sourcecode.c.h; path = Database.h; sourceTree = "<group>"; };
		8AB775A619AD957400FC9A0A /* Database.m */ = {isa = PBXFileReference; fileEncoding = 4; lastKnownFileType = sourcecode.c.objc; path = Database.m; sourceTree = "<group>"; };
		8AB775A819AD95D500FC9A0A /* Refresh.h */ = {isa = PBXFileReference; fileEncoding = 4; lastKnownFileType = sourcecode.c.h; path = Refresh.h; sourceTree = "<group>"; };
		8AB775A919AD95D500FC9A0A /* Refresh.m */ = {isa = PBXFileReference; fileEncoding = 4; lastKnownFileType = sourcecode.c.objc; path = Refresh.m; sourceTree = "<group>"; };
		8AB775AA19AD95D500FC9A0A /* Row.h */ = {isa = PBXFileReference; fileEncoding = 4; lastKnownFileType = sourcecode.c.h; path = Row.h; sourceTree = "<group>"; };
		8AB775AB19AD95D500FC9A0A /* Row.m */ = {isa = PBXFileReference; fileEncoding = 4; lastKnownFileType = sourcecode.c.objc; path = Row.m; sourceTree = "<group>"; };
		8AB775AE19AD961800FC9A0A /* utilities.h */ = {isa = PBXFileReference; fileEncoding = 4; lastKnownFileType = sourcecode.c.h; path = utilities.h; sourceTree = "<group>"; };
		8AB775AF19AD961800FC9A0A /* utilities.m */ = {isa = PBXFileReference; fileEncoding = 4; lastKnownFileType = sourcecode.c.objc; path = utilities.m; sourceTree = "<group>"; };
		8AB775B319B72EBE00FC9A0A /* viewMsgs.h */ = {isa = PBXFileReference; fileEncoding = 4; lastKnownFileType = sourcecode.c.h; path = viewMsgs.h; sourceTree = "<group>"; };
		8AB775B419B72EBE00FC9A0A /* viewMsgs.m */ = {isa = PBXFileReference; fileEncoding = 4; lastKnownFileType = sourcecode.c.objc; path = viewMsgs.m; sourceTree = "<group>"; };
		8AB775B719B98FDD00FC9A0A /* spready.png */ = {isa = PBXFileReference; lastKnownFileType = image.png; path = spready.png; sourceTree = "<group>"; };
		8AD7822319ED04B3009A33E7 /* QuartzCore.framework */ = {isa = PBXFileReference; lastKnownFileType = wrapper.framework; name = QuartzCore.framework; path = System/Library/Frameworks/QuartzCore.framework; sourceTree = SDKROOT; };
		8AD7822519ED061E009A33E7 /* notesDetail.h */ = {isa = PBXFileReference; fileEncoding = 4; lastKnownFileType = sourcecode.c.h; path = notesDetail.h; sourceTree = "<group>"; };
		8AD7822619ED061E009A33E7 /* notesDetail.m */ = {isa = PBXFileReference; fileEncoding = 4; lastKnownFileType = sourcecode.c.objc; path = notesDetail.m; sourceTree = "<group>"; };
		8AD7822819ED06F2009A33E7 /* NotesHandler.h */ = {isa = PBXFileReference; fileEncoding = 4; lastKnownFileType = sourcecode.c.h; path = NotesHandler.h; sourceTree = "<group>"; };
		8AD7822919ED06F2009A33E7 /* NotesHandler.m */ = {isa = PBXFileReference; fileEncoding = 4; lastKnownFileType = sourcecode.c.objc; path = NotesHandler.m; sourceTree = "<group>"; };
		8AD7822B19ED17AB009A33E7 /* common.h */ = {isa = PBXFileReference; fileEncoding = 4; lastKnownFileType = sourcecode.c.h; path = common.h; sourceTree = "<group>"; };
		8AD7822C19ED17AB009A33E7 /* common.m */ = {isa = PBXFileReference; fileEncoding = 4; lastKnownFileType = sourcecode.c.objc; path = common.m; sourceTree = "<group>"; };
		8AD7823119ED2C00009A33E7 /* Submit.m */ = {isa = PBXFileReference; fileEncoding = 4; lastKnownFileType = sourcecode.c.objc; path = Submit.m; sourceTree = "<group>"; };
		8AD7823219ED2C00009A33E7 /* Submit.h */ = {isa = PBXFileReference; fileEncoding = 4; lastKnownFileType = sourcecode.c.h; path = Submit.h; sourceTree = "<group>"; };
		8AD7823419F5144F009A33E7 /* notesProperties.plist */ = {isa = PBXFileReference; fileEncoding = 4; lastKnownFileType = text.plist.xml; path = notesProperties.plist; sourceTree = "<group>"; };
		8AD7823619F64151009A33E7 /* beos_eyeball.png */ = {isa = PBXFileReference; lastKnownFileType = image.png; path = beos_eyeball.png; sourceTree = "<group>"; };
		8AFCD10419BF2DD200A275EC /* notes.png */ = {isa = PBXFileReference; lastKnownFileType = image.png; path = notes.png; sourceTree = "<group>"; };
		8AFCD10719BF36A500A275EC /* en */ = {isa = PBXFileReference; lastKnownFileType = image.png; name = en; path = en.lproj/chat_icon.png; sourceTree = "<group>"; };
		ACDBF5FB190EEFF8001FF4ED /* bw3.app */ = {isa = PBXFileReference; explicitFileType = wrapper.application; includeInIndex = 0; path = bw3.app; sourceTree = BUILT_PRODUCTS_DIR; };
		ACDBF5FE190EEFF8001FF4ED /* UIKit.framework */ = {isa = PBXFileReference; lastKnownFileType = wrapper.framework; name = UIKit.framework; path = System/Library/Frameworks/UIKit.framework; sourceTree = SDKROOT; };
		ACDBF600190EEFF8001FF4ED /* Foundation.framework */ = {isa = PBXFileReference; lastKnownFileType = wrapper.framework; name = Foundation.framework; path = System/Library/Frameworks/Foundation.framework; sourceTree = SDKROOT; };
		ACDBF602190EEFF8001FF4ED /* CoreGraphics.framework */ = {isa = PBXFileReference; lastKnownFileType = wrapper.framework; name = CoreGraphics.framework; path = System/Library/Frameworks/CoreGraphics.framework; sourceTree = SDKROOT; };
		ACDBF606190EEFF8001FF4ED /* bw3-Info.plist */ = {isa = PBXFileReference; lastKnownFileType = text.plist.xml; path = "bw3-Info.plist"; sourceTree = "<group>"; };
		ACDBF608190EEFF8001FF4ED /* en */ = {isa = PBXFileReference; lastKnownFileType = text.plist.strings; name = en; path = en.lproj/InfoPlist.strings; sourceTree = "<group>"; };
		ACDBF60A190EEFF8001FF4ED /* main.m */ = {isa = PBXFileReference; lastKnownFileType = sourcecode.c.objc; path = main.m; sourceTree = "<group>"; };
		ACDBF60C190EEFF8001FF4ED /* bw3-Prefix.pch */ = {isa = PBXFileReference; lastKnownFileType = sourcecode.c.h; path = "bw3-Prefix.pch"; sourceTree = "<group>"; };
		ACDBF60D190EEFF8001FF4ED /* AppDelegate.h */ = {isa = PBXFileReference; lastKnownFileType = sourcecode.c.h; path = AppDelegate.h; sourceTree = "<group>"; };
		ACDBF60E190EEFF8001FF4ED /* AppDelegate.m */ = {isa = PBXFileReference; lastKnownFileType = sourcecode.c.objc; path = AppDelegate.m; sourceTree = "<group>"; };
		ACDBF610190EEFF8001FF4ED /* Default.png */ = {isa = PBXFileReference; lastKnownFileType = image.png; path = Default.png; sourceTree = "<group>"; };
		ACDBF612190EEFF8001FF4ED /* Default@2x.png */ = {isa = PBXFileReference; lastKnownFileType = image.png; path = "Default@2x.png"; sourceTree = "<group>"; };
		ACDBF614190EEFF8001FF4ED /* Default-568h@2x.png */ = {isa = PBXFileReference; lastKnownFileType = image.png; path = "Default-568h@2x.png"; sourceTree = "<group>"; };
		ACDBF616190EEFF8001FF4ED /* ViewController.h */ = {isa = PBXFileReference; lastKnownFileType = sourcecode.c.h; path = ViewController.h; sourceTree = "<group>"; };
		ACDBF617190EEFF8001FF4ED /* ViewController.m */ = {isa = PBXFileReference; lastKnownFileType = sourcecode.c.objc; path = ViewController.m; sourceTree = "<group>"; };
		ACDBF61A190EEFF8001FF4ED /* en */ = {isa = PBXFileReference; lastKnownFileType = file.xib; name = en; path = en.lproj/ViewController.xib; sourceTree = "<group>"; };
		ACDBF621190EF035001FF4ED /* Resized-86D1I.png */ = {isa = PBXFileReference; lastKnownFileType = image.png; path = "Resized-86D1I.png"; sourceTree = "<group>"; };
		ACDBF623190EF10C001FF4ED /* Resized-86D1I.png */ = {isa = PBXFileReference; lastKnownFileType = image.png; path = "Resized-86D1I.png"; sourceTree = "<group>"; };
		ACDBF625190F095E001FF4ED /* UserLogin.h */ = {isa = PBXFileReference; fileEncoding = 4; lastKnownFileType = sourcecode.c.h; path = UserLogin.h; sourceTree = "<group>"; };
		ACDBF626190F095E001FF4ED /* UserLogin.m */ = {isa = PBXFileReference; fileEncoding = 4; lastKnownFileType = sourcecode.c.objc; path = UserLogin.m; sourceTree = "<group>"; };
		ACDBF628190F1333001FF4ED /* MainVC.h */ = {isa = PBXFileReference; fileEncoding = 4; lastKnownFileType = sourcecode.c.h; path = MainVC.h; sourceTree = "<group>"; };
		ACDBF629190F1333001FF4ED /* MainVC.m */ = {isa = PBXFileReference; fileEncoding = 4; lastKnownFileType = sourcecode.c.objc; path = MainVC.m; sourceTree = "<group>"; };
		ACDBF62A190F1333001FF4ED /* MainVC.xib */ = {isa = PBXFileReference; fileEncoding = 4; lastKnownFileType = file.xib; path = MainVC.xib; sourceTree = "<group>"; };
		ACDBF6581910483E001FF4ED /* Http.h */ = {isa = PBXFileReference; fileEncoding = 4; lastKnownFileType = sourcecode.c.h; path = Http.h; sourceTree = "<group>"; };
		ACDBF6591910483E001FF4ED /* Http.m */ = {isa = PBXFileReference; fileEncoding = 4; lastKnownFileType = sourcecode.c.objc; path = Http.m; sourceTree = "<group>"; };
		ACDBF65D191049DC001FF4ED /* crypt.h */ = {isa = PBXFileReference; fileEncoding = 4; lastKnownFileType = sourcecode.c.h; path = crypt.h; sourceTree = "<group>"; };
		ACDBF65E191049DC001FF4ED /* ioapi.c */ = {isa = PBXFileReference; fileEncoding = 4; lastKnownFileType = sourcecode.c.c; path = ioapi.c; sourceTree = "<group>"; };
		ACDBF65F191049DC001FF4ED /* ioapi.h */ = {isa = PBXFileReference; fileEncoding = 4; lastKnownFileType = sourcecode.c.h; path = ioapi.h; sourceTree = "<group>"; };
		ACDBF660191049DC001FF4ED /* mztools.c */ = {isa = PBXFileReference; fileEncoding = 4; lastKnownFileType = sourcecode.c.c; path = mztools.c; sourceTree = "<group>"; };
		ACDBF661191049DC001FF4ED /* mztools.h */ = {isa = PBXFileReference; fileEncoding = 4; lastKnownFileType = sourcecode.c.h; path = mztools.h; sourceTree = "<group>"; };
		ACDBF662191049DC001FF4ED /* unzip.c */ = {isa = PBXFileReference; fileEncoding = 4; lastKnownFileType = sourcecode.c.c; path = unzip.c; sourceTree = "<group>"; };
		ACDBF663191049DC001FF4ED /* unzip.h */ = {isa = PBXFileReference; fileEncoding = 4; lastKnownFileType = sourcecode.c.h; path = unzip.h; sourceTree = "<group>"; };
		ACDBF664191049DC001FF4ED /* zip.c */ = {isa = PBXFileReference; fileEncoding = 4; lastKnownFileType = sourcecode.c.c; path = zip.c; sourceTree = "<group>"; };
		ACDBF665191049DC001FF4ED /* zip.h */ = {isa = PBXFileReference; fileEncoding = 4; lastKnownFileType = sourcecode.c.h; path = zip.h; sourceTree = "<group>"; };
		ACDBF666191049DC001FF4ED /* ZipArchive.h */ = {isa = PBXFileReference; fileEncoding = 4; lastKnownFileType = sourcecode.c.h; path = ZipArchive.h; sourceTree = "<group>"; };
		ACDBF667191049DC001FF4ED /* ZipArchive.mm */ = {isa = PBXFileReference; fileEncoding = 4; lastKnownFileType = sourcecode.cpp.objcpp; path = ZipArchive.mm; sourceTree = "<group>"; };
		ACDBF66D19104C55001FF4ED /* libz.dylib */ = {isa = PBXFileReference; lastKnownFileType = "compiled.mach-o.dylib"; name = libz.dylib; path = usr/lib/libz.dylib; sourceTree = SDKROOT; };
		ACDBF67919147185001FF4ED /* base64-1.h */ = {isa = PBXFileReference; fileEncoding = 4; lastKnownFileType = sourcecode.c.h; path = "base64-1.h"; sourceTree = "<group>"; };
		ACDBF67A19147185001FF4ED /* base64-1.m */ = {isa = PBXFileReference; fileEncoding = 4; lastKnownFileType = sourcecode.c.objc; path = "base64-1.m"; sourceTree = "<group>"; };
		ACDBF68219183E60001FF4ED /* intelligence.h */ = {isa = PBXFileReference; fileEncoding = 4; lastKnownFileType = sourcecode.c.h; path = intelligence.h; sourceTree = "<group>"; };
		ACDBF68319183E60001FF4ED /* intelligence.m */ = {isa = PBXFileReference; fileEncoding = 4; lastKnownFileType = sourcecode.c.objc; path = intelligence.m; sourceTree = "<group>"; };
		ACDBF68619346DFD001FF4ED /* workbook.png */ = {isa = PBXFileReference; lastKnownFileType = image.png; path = workbook.png; sourceTree = "<group>"; };
		ACDBF689193482EE001FF4ED /* WBclass.h */ = {isa = PBXFileReference; fileEncoding = 4; lastKnownFileType = sourcecode.c.h; path = WBclass.h; sourceTree = "<group>"; };
		ACDBF68A193482EE001FF4ED /* WBclass.m */ = {isa = PBXFileReference; fileEncoding = 4; lastKnownFileType = sourcecode.c.objc; path = WBclass.m; sourceTree = "<group>"; };
		ACDBF691193DC014001FF4ED /* LinkImport.h */ = {isa = PBXFileReference; fileEncoding = 4; lastKnownFileType = sourcecode.c.h; path = LinkImport.h; sourceTree = "<group>"; };
		ACDBF692193DC014001FF4ED /* LinkImport.m */ = {isa = PBXFileReference; fileEncoding = 4; lastKnownFileType = sourcecode.c.objc; path = LinkImport.m; sourceTree = "<group>"; };
/* End PBXFileReference section */

/* Begin PBXFrameworksBuildPhase section */
		ACDBF5F8190EEFF8001FF4ED /* Frameworks */ = {
			isa = PBXFrameworksBuildPhase;
			buildActionMask = 2147483647;
			files = (
				8AD7822419ED04B3009A33E7 /* QuartzCore.framework in Frameworks */,
				ACDBF66E19104C55001FF4ED /* libz.dylib in Frameworks */,
				ACDBF5FF190EEFF8001FF4ED /* UIKit.framework in Frameworks */,
				ACDBF601190EEFF8001FF4ED /* Foundation.framework in Frameworks */,
				ACDBF603190EEFF8001FF4ED /* CoreGraphics.framework in Frameworks */,
			);
			runOnlyForDeploymentPostprocessing = 0;
		};
/* End PBXFrameworksBuildPhase section */

/* Begin PBXGroup section */
		8A54624719815011007BAEDA /* messages */ = {
			isa = PBXGroup;
			children = (
				8AB775B319B72EBE00FC9A0A /* viewMsgs.h */,
				8AB775B419B72EBE00FC9A0A /* viewMsgs.m */,
				8A8EF8BA1979596200A2C2C6 /* viewMsgs.xib */,
				8A546248198150A0007BAEDA /* TableViewCellMessages.h */,
				8A546249198150A0007BAEDA /* TableViewCellMessages.m */,
			);
			name = messages;
			sourceTree = "<group>";
		};
		8AD782421A036E50009A33E7 /* watch */ = {
			isa = PBXGroup;
			children = (
				8A120E4A1A0D1CF20078A58C /* watchViewController.h */,
				8A120E491A0D1CF20078A58C /* watchViewController.m */,
				8A120E481A0D1CF20078A58C /* watchViewController.xib */,
				8A120E381A0CC6BD0078A58C /* watchCellViewController.h */,
				8A120E391A0CC6BD0078A58C /* watchCellViewController.m */,
				8A120E3A1A0CC6BD0078A58C /* watchCellView.xib */,
				8A120E3B1A0CC6BD0078A58C /* watchCellViewLayout.h */,
				8A120E3C1A0CC6BD0078A58C /* watchCellViewLayout.m */,
				8A120E421A0CC8790078A58C /* watchHandler.h */,
				8A120E431A0CC8790078A58C /* watchHandler.m */,
				8A9DAB371A1B4CA1001130A7 /* colHeaderFormat.h */,
				8A9DAB381A1B4CA1001130A7 /* colHeaderFormat.m */,
			);
			name = watch;
			sourceTree = "<group>";
		};
		8AFCD10B19C07B4C00A275EC /* notes */ = {
			isa = PBXGroup;
			children = (
				8AD7823419F5144F009A33E7 /* notesProperties.plist */,
				8AAB37A719D15080001FBA05 /* NotesTableViewController.xib */,
				8AAB37A519D15080001FBA05 /* NotesTableViewController.h */,
				8AAB37A619D15080001FBA05 /* NotesTableViewController.m */,
				8AAB37AA19D2C719001FBA05 /* NotesDetailsViewController.h */,
				8AAB37AB19D2C719001FBA05 /* NotesDetailsViewController.m */,
				8AAB37AC19D2C719001FBA05 /* NotesDetailsViewController.xib */,
				8AD7822519ED061E009A33E7 /* notesDetail.h */,
				8AD7822619ED061E009A33E7 /* notesDetail.m */,
				8AD7822819ED06F2009A33E7 /* NotesHandler.h */,
				8AD7822919ED06F2009A33E7 /* NotesHandler.m */,
			);
			name = notes;
			sourceTree = "<group>";
		};
		ACDBF5F2190EEFF8001FF4ED = {
			isa = PBXGroup;
			children = (
				ACDBF66D19104C55001FF4ED /* libz.dylib */,
				ACDBF623190EF10C001FF4ED /* Resized-86D1I.png */,
				ACDBF604190EEFF8001FF4ED /* bw3 */,
				ACDBF5FD190EEFF8001FF4ED /* Frameworks */,
				ACDBF5FC190EEFF8001FF4ED /* Products */,
			);
			sourceTree = "<group>";
		};
		ACDBF5FC190EEFF8001FF4ED /* Products */ = {
			isa = PBXGroup;
			children = (
				ACDBF5FB190EEFF8001FF4ED /* bw3.app */,
			);
			name = Products;
			sourceTree = "<group>";
		};
		ACDBF5FD190EEFF8001FF4ED /* Frameworks */ = {
			isa = PBXGroup;
			children = (
				8AD7822319ED04B3009A33E7 /* QuartzCore.framework */,
				ACDBF5FE190EEFF8001FF4ED /* UIKit.framework */,
				ACDBF600190EEFF8001FF4ED /* Foundation.framework */,
				ACDBF602190EEFF8001FF4ED /* CoreGraphics.framework */,
			);
			name = Frameworks;
			sourceTree = "<group>";
		};
		ACDBF604190EEFF8001FF4ED /* bw3 */ = {
			isa = PBXGroup;
			children = (
				8AD782421A036E50009A33E7 /* watch */,
				8AFCD10B19C07B4C00A275EC /* notes */,
				8A54624719815011007BAEDA /* messages */,
				ACDBF690193DBFF0001FF4ED /* Boardwalk */,
				ACDBF68C19348D37001FF4ED /* Memory */,
				ACDBF688193482C8001FF4ED /* WorkBooks */,
				ACDBF68519346CE9001FF4ED /* Images */,
				ACDBF6781914715A001FF4ED /* base64 */,
				ACDBF65B191049DC001FF4ED /* ZipArchive */,
				ACDBF621190EF035001FF4ED /* Resized-86D1I.png */,
				ACDBF60D190EEFF8001FF4ED /* AppDelegate.h */,
				ACDBF60E190EEFF8001FF4ED /* AppDelegate.m */,
				ACDBF616190EEFF8001FF4ED /* ViewController.h */,
				ACDBF617190EEFF8001FF4ED /* ViewController.m */,
				ACDBF619190EEFF8001FF4ED /* ViewController.xib */,
				ACDBF605190EEFF8001FF4ED /* Supporting Files */,
				ACDBF625190F095E001FF4ED /* UserLogin.h */,
				ACDBF626190F095E001FF4ED /* UserLogin.m */,
				ACDBF628190F1333001FF4ED /* MainVC.h */,
				ACDBF629190F1333001FF4ED /* MainVC.m */,
				ACDBF62A190F1333001FF4ED /* MainVC.xib */,
				8AB7758719A7680F00FC9A0A /* Buffer.h */,
				8AB7758619A7680F00FC9A0A /* Buffer.m */,
				ACDBF6581910483E001FF4ED /* Http.h */,
				ACDBF6591910483E001FF4ED /* Http.m */,
				ACDBF68219183E60001FF4ED /* intelligence.h */,
				ACDBF68319183E60001FF4ED /* intelligence.m */,
				8AB775AE19AD961800FC9A0A /* utilities.h */,
				8AB775AF19AD961800FC9A0A /* utilities.m */,
				8AD7822B19ED17AB009A33E7 /* common.h */,
				8AD7822C19ED17AB009A33E7 /* common.m */,
			);
			path = bw3;
			sourceTree = "<group>";
		};
		ACDBF605190EEFF8001FF4ED /* Supporting Files */ = {
			isa = PBXGroup;
			children = (
				ACDBF606190EEFF8001FF4ED /* bw3-Info.plist */,
				ACDBF607190EEFF8001FF4ED /* InfoPlist.strings */,
				ACDBF60A190EEFF8001FF4ED /* main.m */,
				ACDBF60C190EEFF8001FF4ED /* bw3-Prefix.pch */,
				ACDBF610190EEFF8001FF4ED /* Default.png */,
				ACDBF612190EEFF8001FF4ED /* Default@2x.png */,
				ACDBF614190EEFF8001FF4ED /* Default-568h@2x.png */,
			);
			name = "Supporting Files";
			sourceTree = "<group>";
		};
		ACDBF65B191049DC001FF4ED /* ZipArchive */ = {
			isa = PBXGroup;
			children = (
				ACDBF65C191049DC001FF4ED /* minizip */,
				ACDBF666191049DC001FF4ED /* ZipArchive.h */,
				ACDBF667191049DC001FF4ED /* ZipArchive.mm */,
			);
			path = ZipArchive;
			sourceTree = "<group>";
		};
		ACDBF65C191049DC001FF4ED /* minizip */ = {
			isa = PBXGroup;
			children = (
				ACDBF65D191049DC001FF4ED /* crypt.h */,
				ACDBF65E191049DC001FF4ED /* ioapi.c */,
				ACDBF65F191049DC001FF4ED /* ioapi.h */,
				ACDBF660191049DC001FF4ED /* mztools.c */,
				ACDBF661191049DC001FF4ED /* mztools.h */,
				ACDBF662191049DC001FF4ED /* unzip.c */,
				ACDBF663191049DC001FF4ED /* unzip.h */,
				ACDBF664191049DC001FF4ED /* zip.c */,
				ACDBF665191049DC001FF4ED /* zip.h */,
			);
			path = minizip;
			sourceTree = "<group>";
		};
		ACDBF6781914715A001FF4ED /* base64 */ = {
			isa = PBXGroup;
			children = (
				ACDBF67919147185001FF4ED /* base64-1.h */,
				ACDBF67A19147185001FF4ED /* base64-1.m */,
			);
			name = base64;
			sourceTree = "<group>";
		};
		ACDBF68519346CE9001FF4ED /* Images */ = {
			isa = PBXGroup;
			children = (
				8A1934C21A1395DF0030F380 /* bg_bwt.png */,
				8AD7823619F64151009A33E7 /* beos_eyeball.png */,
				8A1934C01A1392830030F380 /* bwtlogo.png */,
				8AB775B719B98FDD00FC9A0A /* spready.png */,
				8AFCD10819BF36A500A275EC /* chat_icon.png */,
				ACDBF68619346DFD001FF4ED /* workbook.png */,
				8AFCD10419BF2DD200A275EC /* notes.png */,
			);
			name = Images;
			sourceTree = "<group>";
		};
		ACDBF688193482C8001FF4ED /* WorkBooks */ = {
			isa = PBXGroup;
			children = (
				ACDBF689193482EE001FF4ED /* WBclass.h */,
				ACDBF68A193482EE001FF4ED /* WBclass.m */,
			);
			name = WorkBooks;
			sourceTree = "<group>";
		};
		ACDBF68C19348D37001FF4ED /* Memory */ = {
			isa = PBXGroup;
			children = (
				8AB775A619AD957400FC9A0A /* Database.m */,
				8AB775A519AD956700FC9A0A /* Database.h */,
			);
			name = Memory;
			sourceTree = "<group>";
		};
		ACDBF690193DBFF0001FF4ED /* Boardwalk */ = {
			isa = PBXGroup;
			children = (
				8AD7823219ED2C00009A33E7 /* Submit.h */,
				8AD7823119ED2C00009A33E7 /* Submit.m */,
				8AB775A819AD95D500FC9A0A /* Refresh.h */,
				8AB775A919AD95D500FC9A0A /* Refresh.m */,
				8AB775AA19AD95D500FC9A0A /* Row.h */,
				8AB775AB19AD95D500FC9A0A /* Row.m */,
				8AB775A219AD951F00FC9A0A /* Cuboid.m */,
				8AB775A319AD951F00FC9A0A /* Cuboid.h */,
				8AB7759F19AD94E600FC9A0A /* BwCuboid.h */,
				8AB775A019AD94E600FC9A0A /* BwCuboid.m */,
				ACDBF691193DC014001FF4ED /* LinkImport.h */,
				ACDBF692193DC014001FF4ED /* LinkImport.m */,
			);
			name = Boardwalk;
			sourceTree = "<group>";
		};
/* End PBXGroup section */

/* Begin PBXNativeTarget section */
		ACDBF5FA190EEFF8001FF4ED /* bw3 */ = {
			isa = PBXNativeTarget;
			buildConfigurationList = ACDBF61E190EEFF8001FF4ED /* Build configuration list for PBXNativeTarget "bw3" */;
			buildPhases = (
				ACDBF5F7190EEFF8001FF4ED /* Sources */,
				ACDBF5F8190EEFF8001FF4ED /* Frameworks */,
				ACDBF5F9190EEFF8001FF4ED /* Resources */,
			);
			buildRules = (
			);
			dependencies = (
			);
			name = bw3;
			productName = bw3;
			productReference = ACDBF5FB190EEFF8001FF4ED /* bw3.app */;
			productType = "com.apple.product-type.application";
		};
/* End PBXNativeTarget section */

/* Begin PBXProject section */
		ACDBF5F3190EEFF8001FF4ED /* Project object */ = {
			isa = PBXProject;
			attributes = {
				LastUpgradeCheck = 0460;
				ORGANIZATIONNAME = Ashish;
			};
			buildConfigurationList = ACDBF5F6190EEFF8001FF4ED /* Build configuration list for PBXProject "bw3" */;
			compatibilityVersion = "Xcode 3.2";
			developmentRegion = English;
			hasScannedForEncodings = 0;
			knownRegions = (
				en,
			);
			mainGroup = ACDBF5F2190EEFF8001FF4ED;
			productRefGroup = ACDBF5FC190EEFF8001FF4ED /* Products */;
			projectDirPath = "";
			projectRoot = "";
			targets = (
				ACDBF5FA190EEFF8001FF4ED /* bw3 */,
			);
		};
/* End PBXProject section */

/* Begin PBXResourcesBuildPhase section */
		ACDBF5F9190EEFF8001FF4ED /* Resources */ = {
			isa = PBXResourcesBuildPhase;
			buildActionMask = 2147483647;
			files = (
				8A8EF8BB1979596200A2C2C6 /* viewMsgs.xib in Resources */,
				8AB775B819B98FDD00FC9A0A /* spready.png in Resources */,
				ACDBF609190EEFF8001FF4ED /* InfoPlist.strings in Resources */,
				ACDBF611190EEFF8001FF4ED /* Default.png in Resources */,
				ACDBF613190EEFF8001FF4ED /* Default@2x.png in Resources */,
				ACDBF615190EEFF8001FF4ED /* Default-568h@2x.png in Resources */,
				ACDBF61B190EEFF8001FF4ED /* ViewController.xib in Resources */,
				8AFCD10619BF36A500A275EC /* chat_icon.png in Resources */,
				8A1934C11A1392830030F380 /* bwtlogo.png in Resources */,
				ACDBF622190EF035001FF4ED /* Resized-86D1I.png in Resources */,
				8A120E401A0CC6BD0078A58C /* watchCellView.xib in Resources */,
				8AAB37A919D15080001FBA05 /* NotesTableViewController.xib in Resources */,
				ACDBF624190EF10C001FF4ED /* Resized-86D1I.png in Resources */,
				8AD7823719F64151009A33E7 /* beos_eyeball.png in Resources */,
				8AFCD10519BF2DD200A275EC /* notes.png in Resources */,
				8A1934C31A1395DF0030F380 /* bg_bwt.png in Resources */,
				8AAB37AE19D2C719001FBA05 /* NotesDetailsViewController.xib in Resources */,
				ACDBF62C190F1333001FF4ED /* MainVC.xib in Resources */,
				8AD7823519F5144F009A33E7 /* notesProperties.plist in Resources */,
				8A120E4B1A0D1CF20078A58C /* watchViewController.xib in Resources */,
				ACDBF68719346DFD001FF4ED /* workbook.png in Resources */,
			);
			runOnlyForDeploymentPostprocessing = 0;
		};
/* End PBXResourcesBuildPhase section */

/* Begin PBXSourcesBuildPhase section */
		ACDBF5F7190EEFF8001FF4ED /* Sources */ = {
			isa = PBXSourcesBuildPhase;
			buildActionMask = 2147483647;
			files = (
				8AB775A119AD94E600FC9A0A /* BwCuboid.m in Sources */,
				8A54624A198150A0007BAEDA /* TableViewCellMessages.m in Sources */,
				ACDBF60B190EEFF8001FF4ED /* main.m in Sources */,
				ACDBF60F190EEFF8001FF4ED /* AppDelegate.m in Sources */,
				ACDBF618190EEFF8001FF4ED /* ViewController.m in Sources */,
				8AB775A419AD951F00FC9A0A /* Cuboid.m in Sources */,
				8A120E441A0CC8790078A58C /* watchHandler.m in Sources */,
				ACDBF627190F095E001FF4ED /* UserLogin.m in Sources */,
				ACDBF62B190F1333001FF4ED /* MainVC.m in Sources */,
				8AD7822719ED061E009A33E7 /* notesDetail.m in Sources */,
				8AD7822A19ED06F2009A33E7 /* NotesHandler.m in Sources */,
				ACDBF65A1910483F001FF4ED /* Http.m in Sources */,
				8AAB37AD19D2C719001FBA05 /* NotesDetailsViewController.m in Sources */,
				ACDBF668191049DC001FF4ED /* ioapi.c in Sources */,
				ACDBF669191049DC001FF4ED /* mztools.c in Sources */,
				ACDBF66A191049DC001FF4ED /* unzip.c in Sources */,
				ACDBF66B191049DC001FF4ED /* zip.c in Sources */,
				8AB775B619B72EBE00FC9A0A /* viewMsgs.m in Sources */,
				8AB775A719AD957400FC9A0A /* Database.m in Sources */,
				8A9DAB391A1B4CA1001130A7 /* colHeaderFormat.m in Sources */,
				ACDBF66C191049DC001FF4ED /* ZipArchive.mm in Sources */,
				8AB775AD19AD95D500FC9A0A /* Row.m in Sources */,
				ACDBF67B19147185001FF4ED /* base64-1.m in Sources */,
				8AB775AC19AD95D500FC9A0A /* Refresh.m in Sources */,
				ACDBF68419183E61001FF4ED /* intelligence.m in Sources */,
				8A120E3F1A0CC6BD0078A58C /* watchCellViewController.m in Sources */,
				8AAB37A819D15080001FBA05 /* NotesTableViewController.m in Sources */,
				ACDBF68B193482EE001FF4ED /* WBclass.m in Sources */,
				8AD7823319ED2C00009A33E7 /* Submit.m in Sources */,
				8AD7822D19ED17AB009A33E7 /* common.m in Sources */,
				8A120E411A0CC6BD0078A58C /* watchCellViewLayout.m in Sources */,
				8A120E4C1A0D1CF20078A58C /* watchViewController.m in Sources */,
				8AB775B019AD961800FC9A0A /* utilities.m in Sources */,
				ACDBF693193DC014001FF4ED /* LinkImport.m in Sources */,
				8AB7758819A7680F00FC9A0A /* Buffer.m in Sources */,
			);
			runOnlyForDeploymentPostprocessing = 0;
		};
/* End PBXSourcesBuildPhase section */

/* Begin PBXVariantGroup section */
		8AFCD10819BF36A500A275EC /* chat_icon.png */ = {
			isa = PBXVariantGroup;
			children = (
				8AFCD10719BF36A500A275EC /* en */,
			);
			name = chat_icon.png;
			sourceTree = "<group>";
		};
		ACDBF607190EEFF8001FF4ED /* InfoPlist.strings */ = {
			isa = PBXVariantGroup;
			children = (
				ACDBF608190EEFF8001FF4ED /* en */,
			);
			name = InfoPlist.strings;
			sourceTree = "<group>";
		};
		ACDBF619190EEFF8001FF4ED /* ViewController.xib */ = {
			isa = PBXVariantGroup;
			children = (
				ACDBF61A190EEFF8001FF4ED /* en */,
			);
			name = ViewController.xib;
			sourceTree = "<group>";
		};
/* End PBXVariantGroup section */

/* Begin XCBuildConfiguration section */
		ACDBF61C190EEFF8001FF4ED /* Debug */ = {
			isa = XCBuildConfiguration;
			buildSettings = {
				ALWAYS_SEARCH_USER_PATHS = NO;
				CLANG_CXX_LANGUAGE_STANDARD = "gnu++0x";
				CLANG_CXX_LIBRARY = "libc++";
				CLANG_ENABLE_OBJC_ARC = YES;
				CLANG_WARN_CONSTANT_CONVERSION = YES;
				CLANG_WARN_EMPTY_BODY = YES;
				CLANG_WARN_ENUM_CONVERSION = YES;
				CLANG_WARN_INT_CONVERSION = YES;
				CLANG_WARN__DUPLICATE_METHOD_MATCH = YES;
				"CODE_SIGN_IDENTITY[sdk=iphoneos*]" = "iPhone Developer";
				COPY_PHASE_STRIP = NO;
				GCC_C_LANGUAGE_STANDARD = gnu99;
				GCC_DYNAMIC_NO_PIC = NO;
				GCC_OPTIMIZATION_LEVEL = 0;
				GCC_PREPROCESSOR_DEFINITIONS = (
					"DEBUG=1",
					"$(inherited)",
				);
				GCC_SYMBOLS_PRIVATE_EXTERN = NO;
				GCC_WARN_ABOUT_RETURN_TYPE = YES;
				GCC_WARN_UNINITIALIZED_AUTOS = YES;
				GCC_WARN_UNUSED_VARIABLE = YES;
				IPHONEOS_DEPLOYMENT_TARGET = 6.1;
				ONLY_ACTIVE_ARCH = YES;
				SDKROOT = iphoneos;
			};
			name = Debug;
		};
		ACDBF61D190EEFF8001FF4ED /* Release */ = {
			isa = XCBuildConfiguration;
			buildSettings = {
				ALWAYS_SEARCH_USER_PATHS = NO;
				CLANG_CXX_LANGUAGE_STANDARD = "gnu++0x";
				CLANG_CXX_LIBRARY = "libc++";
				CLANG_ENABLE_OBJC_ARC = YES;
				CLANG_WARN_CONSTANT_CONVERSION = YES;
				CLANG_WARN_EMPTY_BODY = YES;
				CLANG_WARN_ENUM_CONVERSION = YES;
				CLANG_WARN_INT_CONVERSION = YES;
				CLANG_WARN__DUPLICATE_METHOD_MATCH = YES;
				"CODE_SIGN_IDENTITY[sdk=iphoneos*]" = "iPhone Developer";
				COPY_PHASE_STRIP = YES;
				GCC_C_LANGUAGE_STANDARD = gnu99;
				GCC_WARN_ABOUT_RETURN_TYPE = YES;
				GCC_WARN_UNINITIALIZED_AUTOS = YES;
				GCC_WARN_UNUSED_VARIABLE = YES;
				IPHONEOS_DEPLOYMENT_TARGET = 6.1;
				OTHER_CFLAGS = "-DNS_BLOCK_ASSERTIONS=1";
				SDKROOT = iphoneos;
				VALIDATE_PRODUCT = YES;
			};
			name = Release;
		};
		ACDBF61F190EEFF8001FF4ED /* Debug */ = {
			isa = XCBuildConfiguration;
			buildSettings = {
				GCC_PRECOMPILE_PREFIX_HEADER = YES;
				GCC_PREFIX_HEADER = "bw3/bw3-Prefix.pch";
				INFOPLIST_FILE = "bw3/bw3-Info.plist";
				PRODUCT_NAME = "$(TARGET_NAME)";
				WRAPPER_EXTENSION = app;
			};
			name = Debug;
		};
		ACDBF620190EEFF8001FF4ED /* Release */ = {
			isa = XCBuildConfiguration;
			buildSettings = {
				GCC_PRECOMPILE_PREFIX_HEADER = YES;
				GCC_PREFIX_HEADER = "bw3/bw3-Prefix.pch";
				INFOPLIST_FILE = "bw3/bw3-Info.plist";
				PRODUCT_NAME = "$(TARGET_NAME)";
				WRAPPER_EXTENSION = app;
			};
			name = Release;
		};
/* End XCBuildConfiguration section */

/* Begin XCConfigurationList section */
		ACDBF5F6190EEFF8001FF4ED /* Build configuration list for PBXProject "bw3" */ = {
			isa = XCConfigurationList;
			buildConfigurations = (
				ACDBF61C190EEFF8001FF4ED /* Debug */,
				ACDBF61D190EEFF8001FF4ED /* Release */,
			);
			defaultConfigurationIsVisible = 0;
			defaultConfigurationName = Release;
		};
		ACDBF61E190EEFF8001FF4ED /* Build configuration list for PBXNativeTarget "bw3" */ = {
			isa = XCConfigurationList;
			buildConfigurations = (
				ACDBF61F190EEFF8001FF4ED /* Debug */,
				ACDBF620190EEFF8001FF4ED /* Release */,
			);
			defaultConfigurationIsVisible = 0;
			defaultConfigurationName = Release;
		};
/* End XCConfigurationList section */
	};
	rootObject = ACDBF5F3190EEFF8001FF4ED /* Project object */;
}
